# This file is automatically @generated by Cargo.
# It is not intended for manual editing.
[[package]]
name = "blake2b-ref"
version = "0.2.1"
source = "registry+https://github.com/rust-lang/crates.io-index"
checksum = "95916998c798756098a4eb1b3f2cd510659705a9817bf203d61abd30fbec3e7b"

[[package]]
name = "blake2b-rs"
version = "0.1.5"
source = "registry+https://github.com/rust-lang/crates.io-index"
checksum = "6e35e362830ef90ecea16f09b21b75d22d33a8562a679c74ab4f4fa49b4fcb87"
dependencies = [
 "cc",
]

[[package]]
name = "cc"
version = "1.0.72"
source = "registry+https://github.com/rust-lang/crates.io-index"
checksum = "22a9137b95ea06864e018375b72adfb7db6e6f68cfc8df5a04d00288050485ee"

[[package]]
name = "cfg-if"
version = "0.1.10"
source = "registry+https://github.com/rust-lang/crates.io-index"
checksum = "4785bdd1c96b2a846b2bd7cc02e86b6b3dbf14e7e53446c4f54c92a361040822"

[[package]]
name = "ckb-hash"
version = "0.100.0"
source = "registry+https://github.com/rust-lang/crates.io-index"
checksum = "df37898d25ee742d94857cb2b41090e59b270eeb1f3e4b8a7422f53ea0e98364"
dependencies = [
 "blake2b-ref",
 "blake2b-rs",
]

[[package]]
name = "hex"
version = "0.4.3"
source = "registry+https://github.com/rust-lang/crates.io-index"
checksum = "7f24254aa9a54b5c858eaee2f5bccdb46aaf0e486a595ed5fd8f86ba55232a70"

[[package]]
name = "lazy_static"
version = "1.4.0"
source = "registry+https://github.com/rust-lang/crates.io-index"
checksum = "e2abad23fbc42b3700f2f279844dc832adb2b2eb069b2df918f455c4e18cc646"

[[package]]
name = "omnilock-smt"
version = "0.1.0"
dependencies = [
 "ckb-hash",
 "hex",
 "lazy_static",
 "sparse-merkle-tree",
]

[[package]]
name = "sparse-merkle-tree"
version = "0.5.2-rc1"
source = "git+https://github.com/nervosnetwork/sparse-merkle-tree.git?rev=2dce546#2dce546eab6f7eaaab3a0886247fd12ac798ad28"
dependencies = [
 "blake2b-rs",
 "cfg-if",
]
